// !$*UTF8*$!
{
	archiveVersion = 1;
	classes = {
	};
	objectVersion = 46;
	objects = {

/* Begin PBXBuildFile section */
		5574248C19F2C02300050941 /* HeadersEditor+Extensions.m in Sources */ = {isa = PBXBuildFile; fileRef = 5574248719F2C02300050941 /* HeadersEditor+Extensions.m */; };
		5574248D19F2C02300050941 /* MailBootstrapper.m in Sources */ = {isa = PBXBuildFile; fileRef = 5574248919F2C02300050941 /* MailBootstrapper.m */; };
		5574248E19F2C02300050941 /* Swizzler.m in Sources */ = {isa = PBXBuildFile; fileRef = 5574248B19F2C02300050941 /* Swizzler.m */; };
/* End PBXBuildFile section */

/* Begin PBXFileReference section */
		5574247919F2BF7900050941 /* MailFromSmtp.mailbundle */ = {isa = PBXFileReference; explicitFileType = wrapper.cfbundle; includeInIndex = 0; path = MailFromSmtp.mailbundle; sourceTree = BUILT_PRODUCTS_DIR; };
		5574248319F2C01100050941 /* Info.plist */ = {isa = PBXFileReference; fileEncoding = 4; lastKnownFileType = text.plist.xml; name = Info.plist; path = resources/Info.plist; sourceTree = SOURCE_ROOT; };
		5574248619F2C02300050941 /* HeadersEditor+Extensions.h */ = {isa = PBXFileReference; fileEncoding = 4; lastKnownFileType = sourcecode.c.h; name = "HeadersEditor+Extensions.h"; path = "src/HeadersEditor+Extensions.h"; sourceTree = SOURCE_ROOT; };
		5574248719F2C02300050941 /* HeadersEditor+Extensions.m */ = {isa = PBXFileReference; fileEncoding = 4; lastKnownFileType = sourcecode.c.objc; name = "HeadersEditor+Extensions.m"; path = "src/HeadersEditor+Extensions.m"; sourceTree = SOURCE_ROOT; };
		5574248819F2C02300050941 /* MailBootstrapper.h */ = {isa = PBXFileReference; fileEncoding = 4; lastKnownFileType = sourcecode.c.h; name = MailBootstrapper.h; path = src/MailBootstrapper.h; sourceTree = SOURCE_ROOT; };
		5574248919F2C02300050941 /* MailBootstrapper.m */ = {isa = PBXFileReference; fileEncoding = 4; lastKnownFileType = sourcecode.c.objc; name = MailBootstrapper.m; path = src/MailBootstrapper.m; sourceTree = SOURCE_ROOT; };
		5574248A19F2C02300050941 /* Swizzler.h */ = {isa = PBXFileReference; fileEncoding = 4; lastKnownFileType = sourcecode.c.h; name = Swizzler.h; path = src/Swizzler.h; sourceTree = SOURCE_ROOT; };
		5574248B19F2C02300050941 /* Swizzler.m */ = {isa = PBXFileReference; fileEncoding = 4; lastKnownFileType = sourcecode.c.objc; name = Swizzler.m; path = src/Swizzler.m; sourceTree = SOURCE_ROOT; };
		5574248F19F2C0B600050941 /* MailFromSmtp.pch */ = {isa = PBXFileReference; fileEncoding = 4; lastKnownFileType = sourcecode.c.h; name = MailFromSmtp.pch; path = src/MailFromSmtp.pch; sourceTree = SOURCE_ROOT; };
/* End PBXFileReference section */

/* Begin PBXFrameworksBuildPhase section */
		5574247619F2BF7900050941 /* Frameworks */ = {
			isa = PBXFrameworksBuildPhase;
			buildActionMask = 2147483647;
			files = (
			);
			runOnlyForDeploymentPostprocessing = 0;
		};
/* End PBXFrameworksBuildPhase section */

/* Begin PBXGroup section */
		5574247019F2BF7900050941 = {
			isa = PBXGroup;
			children = (
				5574247B19F2BF7900050941 /* MailFromSmtp */,
				5574247A19F2BF7900050941 /* Products */,
			);
			sourceTree = "<group>";
		};
		5574247A19F2BF7900050941 /* Products */ = {
			isa = PBXGroup;
			children = (
				5574247919F2BF7900050941 /* MailFromSmtp.mailbundle */,
			);
			name = Products;
			sourceTree = "<group>";
		};
		5574247B19F2BF7900050941 /* MailFromSmtp */ = {
			isa = PBXGroup;
			children = (
				5574248519F2C01800050941 /* Sources */,
				5574247C19F2BF7900050941 /* Supporting Files */,
			);
			path = MailFromSmtp;
			sourceTree = "<group>";
		};
		5574247C19F2BF7900050941 /* Supporting Files */ = {
			isa = PBXGroup;
			children = (
				5574248319F2C01100050941 /* Info.plist */,
				5574248F19F2C0B600050941 /* MailFromSmtp.pch */,
			);
			name = "Supporting Files";
			sourceTree = "<group>";
		};
		5574248519F2C01800050941 /* Sources */ = {
			isa = PBXGroup;
			children = (
				5574248619F2C02300050941 /* HeadersEditor+Extensions.h */,
				5574248719F2C02300050941 /* HeadersEditor+Extensions.m */,
				5574248819F2C02300050941 /* MailBootstrapper.h */,
				5574248919F2C02300050941 /* MailBootstrapper.m */,
				5574248A19F2C02300050941 /* Swizzler.h */,
				5574248B19F2C02300050941 /* Swizzler.m */,
			);
			name = Sources;
			sourceTree = "<group>";
		};
/* End PBXGroup section */

/* Begin PBXNativeTarget section */
		5574247819F2BF7900050941 /* MailFromSmtp */ = {
			isa = PBXNativeTarget;
			buildConfigurationList = 5574248019F2BF7900050941 /* Build configuration list for PBXNativeTarget "MailFromSmtp" */;
			buildPhases = (
				5574247519F2BF7900050941 /* Sources */,
				5574247619F2BF7900050941 /* Frameworks */,
				5574247719F2BF7900050941 /* Resources */,
			);
			buildRules = (
			);
			dependencies = (
			);
			name = MailFromSmtp;
			productName = MailFromSmtp;
			productReference = 5574247919F2BF7900050941 /* MailFromSmtp.mailbundle */;
			productType = "com.apple.product-type.bundle";
		};
/* End PBXNativeTarget section */

/* Begin PBXProject section */
		5574247119F2BF7900050941 /* Project object */ = {
			isa = PBXProject;
			attributes = {
				LastUpgradeCheck = 0610;
				ORGANIZATIONNAME = NA;
				TargetAttributes = {
					5574247819F2BF7900050941 = {
						CreatedOnToolsVersion = 6.1;
					};
				};
			};
			buildConfigurationList = 5574247419F2BF7900050941 /* Build configuration list for PBXProject "MailFromSmtp" */;
			compatibilityVersion = "Xcode 3.2";
			developmentRegion = English;
			hasScannedForEncodings = 0;
			knownRegions = (
				en,
			);
			mainGroup = 5574247019F2BF7900050941;
			productRefGroup = 5574247A19F2BF7900050941 /* Products */;
			projectDirPath = "";
			projectRoot = "";
			targets = (
				5574247819F2BF7900050941 /* MailFromSmtp */,
			);
		};
/* End PBXProject section */

/* Begin PBXResourcesBuildPhase section */
		5574247719F2BF7900050941 /* Resources */ = {
			isa = PBXResourcesBuildPhase;
			buildActionMask = 2147483647;
			files = (
			);
			runOnlyForDeploymentPostprocessing = 0;
		};
/* End PBXResourcesBuildPhase section */

/* Begin PBXSourcesBuildPhase section */
		5574247519F2BF7900050941 /* Sources */ = {
			isa = PBXSourcesBuildPhase;
			buildActionMask = 2147483647;
			files = (
				5574248C19F2C02300050941 /* HeadersEditor+Extensions.m in Sources */,
				5574248D19F2C02300050941 /* MailBootstrapper.m in Sources */,
				5574248E19F2C02300050941 /* Swizzler.m in Sources */,
			);
			runOnlyForDeploymentPostprocessing = 0;
		};
/* End PBXSourcesBuildPhase section */

/* Begin XCBuildConfiguration section */
		5574247E19F2BF7900050941 /* Debug */ = {
			isa = XCBuildConfiguration;
			buildSettings = {
				ALWAYS_SEARCH_USER_PATHS = NO;
				CLANG_CXX_LANGUAGE_STANDARD = "gnu++0x";
				CLANG_CXX_LIBRARY = "libc++";
				CLANG_ENABLE_MODULES = YES;
				CLANG_ENABLE_OBJC_ARC = YES;
				CLANG_WARN_BOOL_CONVERSION = YES;
				CLANG_WARN_CONSTANT_CONVERSION = YES;
				CLANG_WARN_DIRECT_OBJC_ISA_USAGE = YES_ERROR;
				CLANG_WARN_EMPTY_BODY = YES;
				CLANG_WARN_ENUM_CONVERSION = YES;
				CLANG_WARN_INT_CONVERSION = YES;
				CLANG_WARN_OBJC_ROOT_CLASS = YES_ERROR;
				CLANG_WARN_UNREACHABLE_CODE = YES;
				CLANG_WARN__DUPLICATE_METHOD_MATCH = YES;
				COPY_PHASE_STRIP = NO;
				ENABLE_STRICT_OBJC_MSGSEND = YES;
				GCC_C_LANGUAGE_STANDARD = gnu99;
				GCC_DYNAMIC_NO_PIC = NO;
				GCC_OPTIMIZATION_LEVEL = 0;
				GCC_PREPROCESSOR_DEFINITIONS = (
					"DEBUG=1",
					"$(inherited)",
				);
				GCC_SYMBOLS_PRIVATE_EXTERN = NO;
				GCC_WARN_64_TO_32_BIT_CONVERSION = YES;
				GCC_WARN_ABOUT_RETURN_TYPE = YES_ERROR;
				GCC_WARN_UNDECLARED_SELECTOR = YES;
				GCC_WARN_UNINITIALIZED_AUTOS = YES_AGGRESSIVE;
				GCC_WARN_UNUSED_FUNCTION = YES;
				GCC_WARN_UNUSED_VARIABLE = YES;
				MACOSX_DEPLOYMENT_TARGET = 10.10;
				MTL_ENABLE_DEBUG_INFO = YES;
				ONLY_ACTIVE_ARCH = YES;
				SDKROOT = macosx;
			};
			name = Debug;
		};
		5574247F19F2BF7900050941 /* Release */ = {
			isa = XCBuildConfiguration;
			buildSettings = {
				ALWAYS_SEARCH_USER_PATHS = NO;
				CLANG_CXX_LANGUAGE_STANDARD = "gnu++0x";
				CLANG_CXX_LIBRARY = "libc++";
				CLANG_ENABLE_MODULES = YES;
				CLANG_ENABLE_OBJC_ARC = YES;
				CLANG_WARN_BOOL_CONVERSION = YES;
				CLANG_WARN_CONSTANT_CONVERSION = YES;
				CLANG_WARN_DIRECT_OBJC_ISA_USAGE = YES_ERROR;
				CLANG_WARN_EMPTY_BODY = YES;
				CLANG_WARN_ENUM_CONVERSION = YES;
				CLANG_WARN_INT_CONVERSION = YES;
				CLANG_WARN_OBJC_ROOT_CLASS = YES_ERROR;
				CLANG_WARN_UNREACHABLE_CODE = YES;
				CLANG_WARN__DUPLICATE_METHOD_MATCH = YES;
				COPY_PHASE_STRIP = YES;
				DEBUG_INFORMATION_FORMAT = "dwarf-with-dsym";
				ENABLE_NS_ASSERTIONS = NO;
				ENABLE_STRICT_OBJC_MSGSEND = YES;
				GCC_C_LANGUAGE_STANDARD = gnu99;
				GCC_WARN_64_TO_32_BIT_CONVERSION = YES;
				GCC_WARN_ABOUT_RETURN_TYPE = YES_ERROR;
				GCC_WARN_UNDECLARED_SELECTOR = YES;
				GCC_WARN_UNINITIALIZED_AUTOS = YES_AGGRESSIVE;
				GCC_WARN_UNUSED_FUNCTION = YES;
				GCC_WARN_UNUSED_VARIABLE = YES;
				MACOSX_DEPLOYMENT_TARGET = 10.10;
				MTL_ENABLE_DEBUG_INFO = NO;
				SDKROOT = macosx;
			};
			name = Release;
		};
		5574248119F2BF7900050941 /* Debug */ = {
			isa = XCBuildConfiguration;
			buildSettings = {
				COMBINE_HIDPI_IMAGES = YES;
				GCC_PREFIX_HEADER = src/MailFromSmtp.pch;
				INFOPLIST_FILE = resources/Info.plist;
				INSTALL_PATH = "$(LOCAL_LIBRARY_DIR)/Mail/Bundles";
				PRODUCT_NAME = "$(TARGET_NAME)";
				SKIP_INSTALL = YES;
				WRAPPER_EXTENSION = mailbundle;
			};
			name = Debug;
		};
		5574248219F2BF7900050941 /* Release */ = {
			isa = XCBuildConfiguration;
			buildSettings = {
				COMBINE_HIDPI_IMAGES = YES;
				GCC_PREFIX_HEADER = src/MailFromSmtp.pch;
				INFOPLIST_FILE = resources/Info.plist;
				INSTALL_PATH = "$(LOCAL_LIBRARY_DIR)/Mail/Bundles";
				PRODUCT_NAME = "$(TARGET_NAME)";
				SKIP_INSTALL = YES;
				WRAPPER_EXTENSION = mailbundle;
			};
			name = Release;
		};
/* End XCBuildConfiguration section */

/* Begin XCConfigurationList section */
		5574247419F2BF7900050941 /* Build configuration list for PBXProject "MailFromSmtp" */ = {
			isa = XCConfigurationList;
			buildConfigurations = (
				5574247E19F2BF7900050941 /* Debug */,
				5574247F19F2BF7900050941 /* Release */,
			);
			defaultConfigurationIsVisible = 0;
			defaultConfigurationName = Release;
		};
		5574248019F2BF7900050941 /* Build configuration list for PBXNativeTarget "MailFromSmtp" */ = {
			isa = XCConfigurationList;
			buildConfigurations = (
				5574248119F2BF7900050941 /* Debug */,
				5574248219F2BF7900050941 /* Release */,
			);
			defaultConfigurationIsVisible = 0;
			defaultConfigurationName = Release;
		};
/* End XCConfigurationList section */
	};
	rootObject = 5574247119F2BF7900050941 /* Project object */;
}
